{
  "name": "domrec-puppeteer",
  "version": "0.0.1",
  "lockfileVersion": 1,
  "requires": true,
  "dependencies": {
    "domrec-core": {
      "version": "0.0.2",
      "resolved": "https://registry.npmjs.org/domrec-core/-/domrec-core-0.0.2.tgz",
      "integrity": "sha512-nRwfK2aZGDWbUjMbSAjCgbv8nHgcIx0ZFJiCNy7bNLYOYcfwGRlY2RbZ5BBFmo1VIsbVPiV6HGrKhftZKNw+UA=="
    }
  }
}
